// !$*UTF8*$!
{
	archiveVersion = 1;
	classes = {
	};
	objectVersion = 46;
	objects = {

/* Begin PBXBuildFile section */
		C753481E1E186EBD0061C42F /* AppDelegate.swift in Sources */ = {isa = PBXBuildFile; fileRef = C753481D1E186EBD0061C42F /* AppDelegate.swift */; };
		C75348201E186EBD0061C42F /* ViewController.swift in Sources */ = {isa = PBXBuildFile; fileRef = C753481F1E186EBD0061C42F /* ViewController.swift */; };
		C75348231E186EBD0061C42F /* Main.storyboard in Resources */ = {isa = PBXBuildFile; fileRef = C75348211E186EBD0061C42F /* Main.storyboard */; };
		C75348251E186EBD0061C42F /* Assets.xcassets in Resources */ = {isa = PBXBuildFile; fileRef = C75348241E186EBD0061C42F /* Assets.xcassets */; };
		C75348281E186EBD0061C42F /* LaunchScreen.storyboard in Resources */ = {isa = PBXBuildFile; fileRef = C75348261E186EBD0061C42F /* LaunchScreen.storyboard */; };
		C75348301E186EDA0061C42F /* GoogleService-Info.plist in Resources */ = {isa = PBXBuildFile; fileRef = C753482F1E186EDA0061C42F /* GoogleService-Info.plist */; };
		C75348321E1879440061C42F /* FeedViewController.swift in Sources */ = {isa = PBXBuildFile; fileRef = C75348311E1879440061C42F /* FeedViewController.swift */; };
		C75348341E18C75C0061C42F /* PostCell.swift in Sources */ = {isa = PBXBuildFile; fileRef = C75348331E18C75C0061C42F /* PostCell.swift */; };
		C75348361E18C7AE0061C42F /* PostViewController.swift in Sources */ = {isa = PBXBuildFile; fileRef = C75348351E18C7AE0061C42F /* PostViewController.swift */; };
		C75348381E18D2310061C42F /* Post.swift in Sources */ = {isa = PBXBuildFile; fileRef = C75348371E18D2310061C42F /* Post.swift */; };
		C753483A1E19AECF0061C42F /* PostPCell.swift in Sources */ = {isa = PBXBuildFile; fileRef = C75348391E19AECF0061C42F /* PostPCell.swift */; };
		E2E4CDE4DC0ED6769EA4084C /* Pods_iDev_Social.framework in Frameworks */ = {isa = PBXBuildFile; fileRef = EF08D671DABB045604E0A86B /* Pods_iDev_Social.framework */; };
/* End PBXBuildFile section */

/* Begin PBXFileReference section */
		B4BDCF7CF594E6584F42477E /* Pods-iDev Social.release.xcconfig */ = {isa = PBXFileReference; includeInIndex = 1; lastKnownFileType = text.xcconfig; name = "Pods-iDev Social.release.xcconfig"; path = "Pods/Target Support Files/Pods-iDev Social/Pods-iDev Social.release.xcconfig"; sourceTree = "<group>"; };
		C753481A1E186EBD0061C42F /* iDev Social.app */ = {isa = PBXFileReference; explicitFileType = wrapper.application; includeInIndex = 0; path = "iDev Social.app"; sourceTree = BUILT_PRODUCTS_DIR; };
		C753481D1E186EBD0061C42F /* AppDelegate.swift */ = {isa = PBXFileReference; lastKnownFileType = sourcecode.swift; path = AppDelegate.swift; sourceTree = "<group>"; };
		C753481F1E186EBD0061C42F /* ViewController.swift */ = {isa = PBXFileReference; lastKnownFileType = sourcecode.swift; path = ViewController.swift; sourceTree = "<group>"; };
		C75348221E186EBD0061C42F /* Base */ = {isa = PBXFileReference; lastKnownFileType = file.storyboard; name = Base; path = Base.lproj/Main.storyboard; sourceTree = "<group>"; };
		C75348241E186EBD0061C42F /* Assets.xcassets */ = {isa = PBXFileReference; lastKnownFileType = folder.assetcatalog; path = Assets.xcassets; sourceTree = "<group>"; };
		C75348271E186EBD0061C42F /* Base */ = {isa = PBXFileReference; lastKnownFileType = file.storyboard; name = Base; path = Base.lproj/LaunchScreen.storyboard; sourceTree = "<group>"; };
		C75348291E186EBD0061C42F /* Info.plist */ = {isa = PBXFileReference; lastKnownFileType = text.plist.xml; path = Info.plist; sourceTree = "<group>"; };
		C753482F1E186EDA0061C42F /* GoogleService-Info.plist */ = {isa = PBXFileReference; fileEncoding = 4; lastKnownFileType = text.plist.xml; path = "GoogleService-Info.plist"; sourceTree = "<group>"; };
		C75348311E1879440061C42F /* FeedViewController.swift */ = {isa = PBXFileReference; fileEncoding = 4; lastKnownFileType = sourcecode.swift; path = FeedViewController.swift; sourceTree = "<group>"; };
		C75348331E18C75C0061C42F /* PostCell.swift */ = {isa = PBXFileReference; fileEncoding = 4; lastKnownFileType = sourcecode.swift; path = PostCell.swift; sourceTree = "<group>"; };
		C75348351E18C7AE0061C42F /* PostViewController.swift */ = {isa = PBXFileReference; fileEncoding = 4; lastKnownFileType = sourcecode.swift; path = PostViewController.swift; sourceTree = "<group>"; };
		C75348371E18D2310061C42F /* Post.swift */ = {isa = PBXFileReference; fileEncoding = 4; lastKnownFileType = sourcecode.swift; path = Post.swift; sourceTree = "<group>"; };
		C75348391E19AECF0061C42F /* PostPCell.swift */ = {isa = PBXFileReference; fileEncoding = 4; lastKnownFileType = sourcecode.swift; path = PostPCell.swift; sourceTree = "<group>"; };
		CF44B607554BE02EEEE4C04D /* Pods-iDev Social.debug.xcconfig */ = {isa = PBXFileReference; includeInIndex = 1; lastKnownFileType = text.xcconfig; name = "Pods-iDev Social.debug.xcconfig"; path = "Pods/Target Support Files/Pods-iDev Social/Pods-iDev Social.debug.xcconfig"; sourceTree = "<group>"; };
		EF08D671DABB045604E0A86B /* Pods_iDev_Social.framework */ = {isa = PBXFileReference; explicitFileType = wrapper.framework; includeInIndex = 0; path = Pods_iDev_Social.framework; sourceTree = BUILT_PRODUCTS_DIR; };
/* End PBXFileReference section */

/* Begin PBXFrameworksBuildPhase section */
		C75348171E186EBD0061C42F /* Frameworks */ = {
			isa = PBXFrameworksBuildPhase;
			buildActionMask = 2147483647;
			files = (
				E2E4CDE4DC0ED6769EA4084C /* Pods_iDev_Social.framework in Frameworks */,
			);
			runOnlyForDeploymentPostprocessing = 0;
		};
/* End PBXFrameworksBuildPhase section */

/* Begin PBXGroup section */
		C75348111E186EBD0061C42F = {
			isa = PBXGroup;
			children = (
				C753481C1E186EBD0061C42F /* iDev Social */,
				C753481B1E186EBD0061C42F /* Products */,
				F4A91E9012C332CF8A0F79CA /* Pods */,
				DD5061BE1CB9002231A5B91D /* Frameworks */,
			);
			sourceTree = "<group>";
		};
		C753481B1E186EBD0061C42F /* Products */ = {
			isa = PBXGroup;
			children = (
				C753481A1E186EBD0061C42F /* iDev Social.app */,
			);
			name = Products;
			sourceTree = "<group>";
		};
		C753481C1E186EBD0061C42F /* iDev Social */ = {
			isa = PBXGroup;
			children = (
				C753481D1E186EBD0061C42F /* AppDelegate.swift */,
				C753481F1E186EBD0061C42F /* ViewController.swift */,
				C75348211E186EBD0061C42F /* Main.storyboard */,
				C75348241E186EBD0061C42F /* Assets.xcassets */,
				C75348261E186EBD0061C42F /* LaunchScreen.storyboard */,
				C75348291E186EBD0061C42F /* Info.plist */,
				C753482F1E186EDA0061C42F /* GoogleService-Info.plist */,
				C75348311E1879440061C42F /* FeedViewController.swift */,
				C75348331E18C75C0061C42F /* PostCell.swift */,
				C75348391E19AECF0061C42F /* PostPCell.swift */,
				C75348351E18C7AE0061C42F /* PostViewController.swift */,
				C75348371E18D2310061C42F /* Post.swift */,
			);
			path = "iDev Social";
			sourceTree = "<group>";
		};
		DD5061BE1CB9002231A5B91D /* Frameworks */ = {
			isa = PBXGroup;
			children = (
				EF08D671DABB045604E0A86B /* Pods_iDev_Social.framework */,
			);
			name = Frameworks;
			sourceTree = "<group>";
		};
		F4A91E9012C332CF8A0F79CA /* Pods */ = {
			isa = PBXGroup;
			children = (
				CF44B607554BE02EEEE4C04D /* Pods-iDev Social.debug.xcconfig */,
				B4BDCF7CF594E6584F42477E /* Pods-iDev Social.release.xcconfig */,
			);
			name = Pods;
			sourceTree = "<group>";
		};
/* End PBXGroup section */

/* Begin PBXNativeTarget section */
		C75348191E186EBD0061C42F /* iDev Social */ = {
			isa = PBXNativeTarget;
			buildConfigurationList = C753482C1E186EBD0061C42F /* Build configuration list for PBXNativeTarget "iDev Social" */;
			buildPhases = (
				AE3F9BC6D798CD37BFAA0A69 /* [CP] Check Pods Manifest.lock */,
				C75348161E186EBD0061C42F /* Sources */,
				C75348171E186EBD0061C42F /* Frameworks */,
				C75348181E186EBD0061C42F /* Resources */,
				58DFC583E5F9EA59CD966F08 /* [CP] Embed Pods Frameworks */,
				B59D7D011565A7B2F6D0F3A2 /* [CP] Copy Pods Resources */,
			);
			buildRules = (
			);
			dependencies = (
			);
			name = "iDev Social";
			productName = "iDev Social";
			productReference = C753481A1E186EBD0061C42F /* iDev Social.app */;
			productType = "com.apple.product-type.application";
		};
/* End PBXNativeTarget section */

/* Begin PBXProject section */
		C75348121E186EBD0061C42F /* Project object */ = {
			isa = PBXProject;
			attributes = {
				LastSwiftUpdateCheck = 0820;
				LastUpgradeCheck = 0820;
				ORGANIZATIONNAME = "Siraj Zaneer";
				TargetAttributes = {
					C75348191E186EBD0061C42F = {
						CreatedOnToolsVersion = 8.2.1;
						DevelopmentTeam = 3YC9K4952Y;
						ProvisioningStyle = Automatic;
					};
				};
			};
			buildConfigurationList = C75348151E186EBD0061C42F /* Build configuration list for PBXProject "iDev Social" */;
			compatibilityVersion = "Xcode 3.2";
			developmentRegion = English;
			hasScannedForEncodings = 0;
			knownRegions = (
				en,
				Base,
			);
			mainGroup = C75348111E186EBD0061C42F;
			productRefGroup = C753481B1E186EBD0061C42F /* Products */;
			projectDirPath = "";
			projectRoot = "";
			targets = (
				C75348191E186EBD0061C42F /* iDev Social */,
			);
		};
/* End PBXProject section */

/* Begin PBXResourcesBuildPhase section */
		C75348181E186EBD0061C42F /* Resources */ = {
			isa = PBXResourcesBuildPhase;
			buildActionMask = 2147483647;
			files = (
				C75348281E186EBD0061C42F /* LaunchScreen.storyboard in Resources */,
				C75348301E186EDA0061C42F /* GoogleService-Info.plist in Resources */,
				C75348251E186EBD0061C42F /* Assets.xcassets in Resources */,
				C75348231E186EBD0061C42F /* Main.storyboard in Resources */,
			);
			runOnlyForDeploymentPostprocessing = 0;
		};
/* End PBXResourcesBuildPhase section */

/* Begin PBXShellScriptBuildPhase section */
		58DFC583E5F9EA59CD966F08 /* [CP] Embed Pods Frameworks */ = {
			isa = PBXShellScriptBuildPhase;
			buildActionMask = 2147483647;
			files = (
			);
			inputPaths = (
			);
			name = "[CP] Embed Pods Frameworks";
			outputPaths = (
			);
			runOnlyForDeploymentPostprocessing = 0;
			shellPath = /bin/sh;
			shellScript = "\"${SRCROOT}/Pods/Target Support Files/Pods-iDev Social/Pods-iDev Social-frameworks.sh\"\n";
			showEnvVarsInLog = 0;
		};
		AE3F9BC6D798CD37BFAA0A69 /* [CP] Check Pods Manifest.lock */ = {
			isa = PBXShellScriptBuildPhase;
			buildActionMask = 2147483647;
			files = (
			);
			inputPaths = (
			);
			name = "[CP] Check Pods Manifest.lock";
			outputPaths = (
			);
			runOnlyForDeploymentPostprocessing = 0;
			shellPath = /bin/sh;
			shellScript = "diff \"${PODS_ROOT}/../Podfile.lock\" \"${PODS_ROOT}/Manifest.lock\" > /dev/null\nif [ $? != 0 ] ; then\n    # print error to STDERR\n    echo \"error: The sandbox is not in sync with the Podfile.lock. Run 'pod install' or update your CocoaPods installation.\" >&2\n    exit 1\nfi\n";
			showEnvVarsInLog = 0;
		};
		B59D7D011565A7B2F6D0F3A2 /* [CP] Copy Pods Resources */ = {
			isa = PBXShellScriptBuildPhase;
			buildActionMask = 2147483647;
			files = (
			);
			inputPaths = (
			);
			name = "[CP] Copy Pods Resources";
			outputPaths = (
			);
			runOnlyForDeploymentPostprocessing = 0;
			shellPath = /bin/sh;
			shellScript = "\"${SRCROOT}/Pods/Target Support Files/Pods-iDev Social/Pods-iDev Social-resources.sh\"\n";
			showEnvVarsInLog = 0;
		};
/* End PBXShellScriptBuildPhase section */

/* Begin PBXSourcesBuildPhase section */
		C75348161E186EBD0061C42F /* Sources */ = {
			isa = PBXSourcesBuildPhase;
			buildActionMask = 2147483647;
			files = (
				C75348201E186EBD0061C42F /* ViewController.swift in Sources */,
				C75348321E1879440061C42F /* FeedViewController.swift in Sources */,
				C753481E1E186EBD0061C42F /* AppDelegate.swift in Sources */,
				C753483A1E19AECF0061C42F /* PostPCell.swift in Sources */,
				C75348381E18D2310061C42F /* Post.swift in Sources */,
				C75348341E18C75C0061C42F /* PostCell.swift in Sources */,
				C75348361E18C7AE0061C42F /* PostViewController.swift in Sources */,
			);
			runOnlyForDeploymentPostprocessing = 0;
		};
/* End PBXSourcesBuildPhase section */

/* Begin PBXVariantGroup section */
		C75348211E186EBD0061C42F /* Main.storyboard */ = {
			isa = PBXVariantGroup;
			children = (
				C75348221E186EBD0061C42F /* Base */,
			);
			name = Main.storyboard;
			sourceTree = "<group>";
		};
		C75348261E186EBD0061C42F /* LaunchScreen.storyboard */ = {
			isa = PBXVariantGroup;
			children = (
				C75348271E186EBD0061C42F /* Base */,
			);
			name = LaunchScreen.storyboard;
			sourceTree = "<group>";
		};
/* End PBXVariantGroup section */

/* Begin XCBuildConfiguration section */
		C753482A1E186EBD0061C42F /* Debug */ = {
			isa = XCBuildConfiguration;
			buildSettings = {
				ALWAYS_SEARCH_USER_PATHS = NO;
				CLANG_ANALYZER_NONNULL = YES;
				CLANG_CXX_LANGUAGE_STANDARD = "gnu++0x";
				CLANG_CXX_LIBRARY = "libc++";
				CLANG_ENABLE_MODULES = YES;
				CLANG_ENABLE_OBJC_ARC = YES;
				CLANG_WARN_BOOL_CONVERSION = YES;
				CLANG_WARN_CONSTANT_CONVERSION = YES;
				CLANG_WARN_DIRECT_OBJC_ISA_USAGE = YES_ERROR;
				CLANG_WARN_DOCUMENTATION_COMMENTS = YES;
				CLANG_WARN_EMPTY_BODY = YES;
				CLANG_WARN_ENUM_CONVERSION = YES;
				CLANG_WARN_INFINITE_RECURSION = YES;
				CLANG_WARN_INT_CONVERSION = YES;
				CLANG_WARN_OBJC_ROOT_CLASS = YES_ERROR;
				CLANG_WARN_SUSPICIOUS_MOVE = YES;
				CLANG_WARN_UNREACHABLE_CODE = YES;
				CLANG_WARN__DUPLICATE_METHOD_MATCH = YES;
				"CODE_SIGN_IDENTITY[sdk=iphoneos*]" = "iPhone Developer";
				COPY_PHASE_STRIP = NO;
				DEBUG_INFORMATION_FORMAT = dwarf;
				ENABLE_STRICT_OBJC_MSGSEND = YES;
				ENABLE_TESTABILITY = YES;
				GCC_C_LANGUAGE_STANDARD = gnu99;
				GCC_DYNAMIC_NO_PIC = NO;
				GCC_NO_COMMON_BLOCKS = YES;
				GCC_OPTIMIZATION_LEVEL = 0;
				GCC_PREPROCESSOR_DEFINITIONS = (
					"DEBUG=1",
					"$(inherited)",
				);
				GCC_WARN_64_TO_32_BIT_CONVERSION = YES;
				GCC_WARN_ABOUT_RETURN_TYPE = YES_ERROR;
				GCC_WARN_UNDECLARED_SELECTOR = YES;
				GCC_WARN_UNINITIALIZED_AUTOS = YES_AGGRESSIVE;
				GCC_WARN_UNUSED_FUNCTION = YES;
				GCC_WARN_UNUSED_VARIABLE = YES;
				IPHONEOS_DEPLOYMENT_TARGET = 10.2;
				MTL_ENABLE_DEBUG_INFO = YES;
				ONLY_ACTIVE_ARCH = YES;
				SDKROOT = iphoneos;
				SWIFT_ACTIVE_COMPILATION_CONDITIONS = DEBUG;
				SWIFT_OPTIMIZATION_LEVEL = "-Onone";
			};
			name = Debug;
		};
		C753482B1E186EBD0061C42F /* Release */ = {
			isa = XCBuildConfiguration;
			buildSettings = {
				ALWAYS_SEARCH_USER_PATHS = NO;
				CLANG_ANALYZER_NONNULL = YES;
				CLANG_CXX_LANGUAGE_STANDARD = "gnu++0x";
				CLANG_CXX_LIBRARY = "libc++";
				CLANG_ENABLE_MODULES = YES;
				CLANG_ENABLE_OBJC_ARC = YES;
				CLANG_WARN_BOOL_CONVERSION = YES;
				CLANG_WARN_CONSTANT_CONVERSION = YES;
				CLANG_WARN_DIRECT_OBJC_ISA_USAGE = YES_ERROR;
				CLANG_WARN_DOCUMENTATION_COMMENTS = YES;
				CLANG_WARN_EMPTY_BODY = YES;
				CLANG_WARN_ENUM_CONVERSION = YES;
				CLANG_WARN_INFINITE_RECURSION = YES;
				CLANG_WARN_INT_CONVERSION = YES;
				CLANG_WARN_OBJC_ROOT_CLASS = YES_ERROR;
				CLANG_WARN_SUSPICIOUS_MOVE = YES;
				CLANG_WARN_UNREACHABLE_CODE = YES;
				CLANG_WARN__DUPLICATE_METHOD_MATCH = YES;
				"CODE_SIGN_IDENTITY[sdk=iphoneos*]" = "iPhone Developer";
				COPY_PHASE_STRIP = NO;
				DEBUG_INFORMATION_FORMAT = "dwarf-with-dsym";
				ENABLE_NS_ASSERTIONS = NO;
				ENABLE_STRICT_OBJC_MSGSEND = YES;
				GCC_C_LANGUAGE_STANDARD = gnu99;
				GCC_NO_COMMON_BLOCKS = YES;
				GCC_WARN_64_TO_32_BIT_CONVERSION = YES;
				GCC_WARN_ABOUT_RETURN_TYPE = YES_ERROR;
				GCC_WARN_UNDECLARED_SELECTOR = YES;
				GCC_WARN_UNINITIALIZED_AUTOS = YES_AGGRESSIVE;
				GCC_WARN_UNUSED_FUNCTION = YES;
				GCC_WARN_UNUSED_VARIABLE = YES;
				IPHONEOS_DEPLOYMENT_TARGET = 10.2;
				MTL_ENABLE_DEBUG_INFO = NO;
				SDKROOT = iphoneos;
				SWIFT_OPTIMIZATION_LEVEL = "-Owholemodule";
				VALIDATE_PRODUCT = YES;
			};
			name = Release;
		};
		C753482D1E186EBD0061C42F /* Debug */ = {
			isa = XCBuildConfiguration;
			baseConfigurationReference = CF44B607554BE02EEEE4C04D /* Pods-iDev Social.debug.xcconfig */;
			buildSettings = {
				ASSETCATALOG_COMPILER_APPICON_NAME = AppIcon;
				DEVELOPMENT_TEAM = 3YC9K4952Y;
				INFOPLIST_FILE = "iDev Social/Info.plist";
				LD_RUNPATH_SEARCH_PATHS = "$(inherited) @executable_path/Frameworks";
				PRODUCT_BUNDLE_IDENTIFIER = "sirajzaneer.com.iDev-Social";
				PRODUCT_NAME = "$(TARGET_NAME)";
				SWIFT_VERSION = 3.0;
			};
			name = Debug;
		};
		C753482E1E186EBD0061C42F /* Release */ = {
			isa = XCBuildConfiguration;
			baseConfigurationReference = B4BDCF7CF594E6584F42477E /* Pods-iDev Social.release.xcconfig */;
			buildSettings = {
				ASSETCATALOG_COMPILER_APPICON_NAME = AppIcon;
				DEVELOPMENT_TEAM = 3YC9K4952Y;
				INFOPLIST_FILE = "iDev Social/Info.plist";
				LD_RUNPATH_SEARCH_PATHS = "$(inherited) @executable_path/Frameworks";
				PRODUCT_BUNDLE_IDENTIFIER = "sirajzaneer.com.iDev-Social";
				PRODUCT_NAME = "$(TARGET_NAME)";
				SWIFT_VERSION = 3.0;
			};
			name = Release;
		};
/* End XCBuildConfiguration section */

/* Begin XCConfigurationList section */
		C75348151E186EBD0061C42F /* Build configuration list for PBXProject "iDev Social" */ = {
			isa = XCConfigurationList;
			buildConfigurations = (
				C753482A1E186EBD0061C42F /* Debug */,
				C753482B1E186EBD0061C42F /* Release */,
			);
			defaultConfigurationIsVisible = 0;
			defaultConfigurationName = Release;
		};
		C753482C1E186EBD0061C42F /* Build configuration list for PBXNativeTarget "iDev Social" */ = {
			isa = XCConfigurationList;
			buildConfigurations = (
				C753482D1E186EBD0061C42F /* Debug */,
				C753482E1E186EBD0061C42F /* Release */,
			);
			defaultConfigurationIsVisible = 0;
			defaultConfigurationName = Release;
		};
/* End XCConfigurationList section */
	};
	rootObject = C75348121E186EBD0061C42F /* Project object */;
}
